
Microsoft Visual Studio Solution File, Format Version 12.00
# Visual Studio Version 17
VisualStudioVersion = 17.5.002.0
MinimumVisualStudioVersion = 10.0.40219.1
Project("{9A19103F-16F7-4668-BE54-9A1E7A4F7556}") = "BookHub.API", "BookHub.API.csproj", "{7E116286-D97C-451B-95F0-D601593E14F5}"
EndProject
Global
	GlobalSection(SolutionConfigurationPlatforms) = preSolution
		Debug|Any CPU = Debug|Any CPU
		Release|Any CPU = Release|Any CPU
	EndGlobalSection
	GlobalSection(ProjectConfigurationPlatforms) = postSolution
		{7E116286-D97C-451B-95F0-D601593E14F5}.Debug|Any CPU.ActiveCfg = Debug|Any CPU
		{7E116286-D97C-451B-95F0-D601593E14F5}.Debug|Any CPU.Build.0 = Debug|Any CPU
		{7E116286-D97C-451B-95F0-D601593E14F5}.Release|Any CPU.ActiveCfg = Release|Any CPU
		{7E116286-D97C-451B-95F0-D601593E14F5}.Release|Any CPU.Build.0 = Release|Any CPU
	EndGlobalSection
	GlobalSection(SolutionProperties) = preSolution
		HideSolutionNode = FALSE
	EndGlobalSection
	GlobalSection(ExtensibilityGlobals) = postSolution
		SolutionGuid = {573E541B-9BE2-49B1-A9F7-B07E7889BD95}
	EndGlobalSection
EndGlobal
